// !$*UTF8*$!
{
	archiveVersion = 1;
	classes = {
	};
	objectVersion = 55;
	objects = {

/* Begin PBXBuildFile section */
		48A78583288C432F0066F5A8 /* AppDelegate.swift in Sources */ = {isa = PBXBuildFile; fileRef = 48A78582288C432F0066F5A8 /* AppDelegate.swift */; };
		48A78585288C432F0066F5A8 /* SceneDelegate.swift in Sources */ = {isa = PBXBuildFile; fileRef = 48A78584288C432F0066F5A8 /* SceneDelegate.swift */; };
		48A78587288C432F0066F5A8 /* ViewController.swift in Sources */ = {isa = PBXBuildFile; fileRef = 48A78586288C432F0066F5A8 /* ViewController.swift */; };
		48A7858A288C432F0066F5A8 /* Main.storyboard in Resources */ = {isa = PBXBuildFile; fileRef = 48A78588288C432F0066F5A8 /* Main.storyboard */; };
		48A7858C288C43350066F5A8 /* Assets.xcassets in Resources */ = {isa = PBXBuildFile; fileRef = 48A7858B288C43350066F5A8 /* Assets.xcassets */; };
		48A7858F288C43350066F5A8 /* LaunchScreen.storyboard in Resources */ = {isa = PBXBuildFile; fileRef = 48A7858D288C43350066F5A8 /* LaunchScreen.storyboard */; };
		48A7859A288C43350066F5A8 /* mapsTests.swift in Sources */ = {isa = PBXBuildFile; fileRef = 48A78599288C43350066F5A8 /* mapsTests.swift */; };
		48A785A4288C43350066F5A8 /* mapsUITests.swift in Sources */ = {isa = PBXBuildFile; fileRef = 48A785A3288C43350066F5A8 /* mapsUITests.swift */; };
		48A785A6288C43350066F5A8 /* mapsUITestsLaunchTests.swift in Sources */ = {isa = PBXBuildFile; fileRef = 48A785A5288C43350066F5A8 /* mapsUITestsLaunchTests.swift */; };
/* End PBXBuildFile section */

/* Begin PBXContainerItemProxy section */
		48A78596288C43350066F5A8 /* PBXContainerItemProxy */ = {
			isa = PBXContainerItemProxy;
			containerPortal = 48A78577288C432F0066F5A8 /* Project object */;
			proxyType = 1;
			remoteGlobalIDString = 48A7857E288C432F0066F5A8;
			remoteInfo = maps;
		};
		48A785A0288C43350066F5A8 /* PBXContainerItemProxy */ = {
			isa = PBXContainerItemProxy;
			containerPortal = 48A78577288C432F0066F5A8 /* Project object */;
			proxyType = 1;
			remoteGlobalIDString = 48A7857E288C432F0066F5A8;
			remoteInfo = maps;
		};
/* End PBXContainerItemProxy section */

/* Begin PBXFileReference section */
		48A7857F288C432F0066F5A8 /* maps.app */ = {isa = PBXFileReference; explicitFileType = wrapper.application; includeInIndex = 0; path = maps.app; sourceTree = BUILT_PRODUCTS_DIR; };
		48A78582288C432F0066F5A8 /* AppDelegate.swift */ = {isa = PBXFileReference; lastKnownFileType = sourcecode.swift; path = AppDelegate.swift; sourceTree = "<group>"; };
		48A78584288C432F0066F5A8 /* SceneDelegate.swift */ = {isa = PBXFileReference; lastKnownFileType = sourcecode.swift; path = SceneDelegate.swift; sourceTree = "<group>"; };
		48A78586288C432F0066F5A8 /* ViewController.swift */ = {isa = PBXFileReference; lastKnownFileType = sourcecode.swift; path = ViewController.swift; sourceTree = "<group>"; };
		48A78589288C432F0066F5A8 /* Base */ = {isa = PBXFileReference; lastKnownFileType = file.storyboard; name = Base; path = Base.lproj/Main.storyboard; sourceTree = "<group>"; };
		48A7858B288C43350066F5A8 /* Assets.xcassets */ = {isa = PBXFileReference; lastKnownFileType = folder.assetcatalog; path = Assets.xcassets; sourceTree = "<group>"; };
		48A7858E288C43350066F5A8 /* Base */ = {isa = PBXFileReference; lastKnownFileType = file.storyboard; name = Base; path = Base.lproj/LaunchScreen.storyboard; sourceTree = "<group>"; };
		48A78590288C43350066F5A8 /* Info.plist */ = {isa = PBXFileReference; lastKnownFileType = text.plist.xml; path = Info.plist; sourceTree = "<group>"; };
		48A78595288C43350066F5A8 /* mapsTests.xctest */ = {isa = PBXFileReference; explicitFileType = wrapper.cfbundle; includeInIndex = 0; path = mapsTests.xctest; sourceTree = BUILT_PRODUCTS_DIR; };
		48A78599288C43350066F5A8 /* mapsTests.swift */ = {isa = PBXFileReference; lastKnownFileType = sourcecode.swift; path = mapsTests.swift; sourceTree = "<group>"; };
		48A7859F288C43350066F5A8 /* mapsUITests.xctest */ = {isa = PBXFileReference; explicitFileType = wrapper.cfbundle; includeInIndex = 0; path = mapsUITests.xctest; sourceTree = BUILT_PRODUCTS_DIR; };
		48A785A3288C43350066F5A8 /* mapsUITests.swift */ = {isa = PBXFileReference; lastKnownFileType = sourcecode.swift; path = mapsUITests.swift; sourceTree = "<group>"; };
		48A785A5288C43350066F5A8 /* mapsUITestsLaunchTests.swift */ = {isa = PBXFileReference; lastKnownFileType = sourcecode.swift; path = mapsUITestsLaunchTests.swift; sourceTree = "<group>"; };
/* End PBXFileReference section */

/* Begin PBXFrameworksBuildPhase section */
		48A7857C288C432F0066F5A8 /* Frameworks */ = {
			isa = PBXFrameworksBuildPhase;
			buildActionMask = 2147483647;
			files = (
			);
			runOnlyForDeploymentPostprocessing = 0;
		};
		48A78592288C43350066F5A8 /* Frameworks */ = {
			isa = PBXFrameworksBuildPhase;
			buildActionMask = 2147483647;
			files = (
			);
			runOnlyForDeploymentPostprocessing = 0;
		};
		48A7859C288C43350066F5A8 /* Frameworks */ = {
			isa = PBXFrameworksBuildPhase;
			buildActionMask = 2147483647;
			files = (
			);
			runOnlyForDeploymentPostprocessing = 0;
		};
/* End PBXFrameworksBuildPhase section */

/* Begin PBXGroup section */
		48A78576288C432F0066F5A8 = {
			isa = PBXGroup;
			children = (
				48A78581288C432F0066F5A8 /* maps */,
				48A78598288C43350066F5A8 /* mapsTests */,
				48A785A2288C43350066F5A8 /* mapsUITests */,
				48A78580288C432F0066F5A8 /* Products */,
			);
			sourceTree = "<group>";
		};
		48A78580288C432F0066F5A8 /* Products */ = {
			isa = PBXGroup;
			children = (
				48A7857F288C432F0066F5A8 /* maps.app */,
				48A78595288C43350066F5A8 /* mapsTests.xctest */,
				48A7859F288C43350066F5A8 /* mapsUITests.xctest */,
			);
			name = Products;
			sourceTree = "<group>";
		};
		48A78581288C432F0066F5A8 /* maps */ = {
			isa = PBXGroup;
			children = (
				48A78582288C432F0066F5A8 /* AppDelegate.swift */,
				48A78584288C432F0066F5A8 /* SceneDelegate.swift */,
				48A78586288C432F0066F5A8 /* ViewController.swift */,
				48A78588288C432F0066F5A8 /* Main.storyboard */,
				48A7858B288C43350066F5A8 /* Assets.xcassets */,
				48A7858D288C43350066F5A8 /* LaunchScreen.storyboard */,
				48A78590288C43350066F5A8 /* Info.plist */,
			);
			path = maps;
			sourceTree = "<group>";
		};
		48A78598288C43350066F5A8 /* mapsTests */ = {
			isa = PBXGroup;
			children = (
				48A78599288C43350066F5A8 /* mapsTests.swift */,
			);
			path = mapsTests;
			sourceTree = "<group>";
		};
		48A785A2288C43350066F5A8 /* mapsUITests */ = {
			isa = PBXGroup;
			children = (
				48A785A3288C43350066F5A8 /* mapsUITests.swift */,
				48A785A5288C43350066F5A8 /* mapsUITestsLaunchTests.swift */,
			);
			path = mapsUITests;
			sourceTree = "<group>";
		};
/* End PBXGroup section */

/* Begin PBXNativeTarget section */
		48A7857E288C432F0066F5A8 /* maps */ = {
			isa = PBXNativeTarget;
			buildConfigurationList = 48A785A9288C43350066F5A8 /* Build configuration list for PBXNativeTarget "maps" */;
			buildPhases = (
				48A7857B288C432F0066F5A8 /* Sources */,
				48A7857C288C432F0066F5A8 /* Frameworks */,
				48A7857D288C432F0066F5A8 /* Resources */,
			);
			buildRules = (
			);
			dependencies = (
			);
			name = maps;
			productName = maps;
			productReference = 48A7857F288C432F0066F5A8 /* maps.app */;
			productType = "com.apple.product-type.application";
		};
		48A78594288C43350066F5A8 /* mapsTests */ = {
			isa = PBXNativeTarget;
			buildConfigurationList = 48A785AC288C43350066F5A8 /* Build configuration list for PBXNativeTarget "mapsTests" */;
			buildPhases = (
				48A78591288C43350066F5A8 /* Sources */,
				48A78592288C43350066F5A8 /* Frameworks */,
				48A78593288C43350066F5A8 /* Resources */,
			);
			buildRules = (
			);
			dependencies = (
				48A78597288C43350066F5A8 /* PBXTargetDependency */,
			);
			name = mapsTests;
			productName = mapsTests;
			productReference = 48A78595288C43350066F5A8 /* mapsTests.xctest */;
			productType = "com.apple.product-type.bundle.unit-test";
		};
		48A7859E288C43350066F5A8 /* mapsUITests */ = {
			isa = PBXNativeTarget;
			buildConfigurationList = 48A785AF288C43350066F5A8 /* Build configuration list for PBXNativeTarget "mapsUITests" */;
			buildPhases = (
				48A7859B288C43350066F5A8 /* Sources */,
				48A7859C288C43350066F5A8 /* Frameworks */,
				48A7859D288C43350066F5A8 /* Resources */,
			);
			buildRules = (
			);
			dependencies = (
				48A785A1288C43350066F5A8 /* PBXTargetDependency */,
			);
			name = mapsUITests;
			productName = mapsUITests;
			productReference = 48A7859F288C43350066F5A8 /* mapsUITests.xctest */;
			productType = "com.apple.product-type.bundle.ui-testing";
		};
/* End PBXNativeTarget section */

/* Begin PBXProject section */
		48A78577288C432F0066F5A8 /* Project object */ = {
			isa = PBXProject;
			attributes = {
				BuildIndependentTargetsInParallel = 1;
				LastSwiftUpdateCheck = 1340;
				LastUpgradeCheck = 1340;
				TargetAttributes = {
					48A7857E288C432F0066F5A8 = {
						CreatedOnToolsVersion = 13.4.1;
					};
					48A78594288C43350066F5A8 = {
						CreatedOnToolsVersion = 13.4.1;
						TestTargetID = 48A7857E288C432F0066F5A8;
					};
					48A7859E288C43350066F5A8 = {
						CreatedOnToolsVersion = 13.4.1;
						TestTargetID = 48A7857E288C432F0066F5A8;
					};
				};
			};
			buildConfigurationList = 48A7857A288C432F0066F5A8 /* Build configuration list for PBXProject "maps" */;
			compatibilityVersion = "Xcode 13.0";
			developmentRegion = en;
			hasScannedForEncodings = 0;
			knownRegions = (
				en,
				Base,
			);
			mainGroup = 48A78576288C432F0066F5A8;
			productRefGroup = 48A78580288C432F0066F5A8 /* Products */;
			projectDirPath = "";
			projectRoot = "";
			targets = (
				48A7857E288C432F0066F5A8 /* maps */,
				48A78594288C43350066F5A8 /* mapsTests */,
				48A7859E288C43350066F5A8 /* mapsUITests */,
			);
		};
/* End PBXProject section */

/* Begin PBXResourcesBuildPhase section */
		48A7857D288C432F0066F5A8 /* Resources */ = {
			isa = PBXResourcesBuildPhase;
			buildActionMask = 2147483647;
			files = (
				48A7858F288C43350066F5A8 /* LaunchScreen.storyboard in Resources */,
				48A7858C288C43350066F5A8 /* Assets.xcassets in Resources */,
				48A7858A288C432F0066F5A8 /* Main.storyboard in Resources */,
			);
			runOnlyForDeploymentPostprocessing = 0;
		};
		48A78593288C43350066F5A8 /* Resources */ = {
			isa = PBXResourcesBuildPhase;
			buildActionMask = 2147483647;
			files = (
			);
			runOnlyForDeploymentPostprocessing = 0;
		};
		48A7859D288C43350066F5A8 /* Resources */ = {
			isa = PBXResourcesBuildPhase;
			buildActionMask = 2147483647;
			files = (
			);
			runOnlyForDeploymentPostprocessing = 0;
		};
/* End PBXResourcesBuildPhase section */

/* Begin PBXSourcesBuildPhase section */
		48A7857B288C432F0066F5A8 /* Sources */ = {
			isa = PBXSourcesBuildPhase;
			buildActionMask = 2147483647;
			files = (
				48A78587288C432F0066F5A8 /* ViewController.swift in Sources */,
				48A78583288C432F0066F5A8 /* AppDelegate.swift in Sources */,
				48A78585288C432F0066F5A8 /* SceneDelegate.swift in Sources */,
			);
			runOnlyForDeploymentPostprocessing = 0;
		};
		48A78591288C43350066F5A8 /* Sources */ = {
			isa = PBXSourcesBuildPhase;
			buildActionMask = 2147483647;
			files = (
				48A7859A288C43350066F5A8 /* mapsTests.swift in Sources */,
			);
			runOnlyForDeploymentPostprocessing = 0;
		};
		48A7859B288C43350066F5A8 /* Sources */ = {
			isa = PBXSourcesBuildPhase;
			buildActionMask = 2147483647;
			files = (
				48A785A4288C43350066F5A8 /* mapsUITests.swift in Sources */,
				48A785A6288C43350066F5A8 /* mapsUITestsLaunchTests.swift in Sources */,
			);
			runOnlyForDeploymentPostprocessing = 0;
		};
/* End PBXSourcesBuildPhase section */

/* Begin PBXTargetDependency section */
		48A78597288C43350066F5A8 /* PBXTargetDependency */ = {
			isa = PBXTargetDependency;
			target = 48A7857E288C432F0066F5A8 /* maps */;
			targetProxy = 48A78596288C43350066F5A8 /* PBXContainerItemProxy */;
		};
		48A785A1288C43350066F5A8 /* PBXTargetDependency */ = {
			isa = PBXTargetDependency;
			target = 48A7857E288C432F0066F5A8 /* maps */;
			targetProxy = 48A785A0288C43350066F5A8 /* PBXContainerItemProxy */;
		};
/* End PBXTargetDependency section */

/* Begin PBXVariantGroup section */
		48A78588288C432F0066F5A8 /* Main.storyboard */ = {
			isa = PBXVariantGroup;
			children = (
				48A78589288C432F0066F5A8 /* Base */,
			);
			name = Main.storyboard;
			sourceTree = "<group>";
		};
		48A7858D288C43350066F5A8 /* LaunchScreen.storyboard */ = {
			isa = PBXVariantGroup;
			children = (
				48A7858E288C43350066F5A8 /* Base */,
			);
			name = LaunchScreen.storyboard;
			sourceTree = "<group>";
		};
/* End PBXVariantGroup section */

/* Begin XCBuildConfiguration section */
		48A785A7288C43350066F5A8 /* Debug */ = {
			isa = XCBuildConfiguration;
			buildSettings = {
				ALWAYS_SEARCH_USER_PATHS = NO;
				CLANG_ANALYZER_NONNULL = YES;
				CLANG_ANALYZER_NUMBER_OBJECT_CONVERSION = YES_AGGRESSIVE;
				CLANG_CXX_LANGUAGE_STANDARD = "gnu++17";
				CLANG_ENABLE_MODULES = YES;
				CLANG_ENABLE_OBJC_ARC = YES;
				CLANG_ENABLE_OBJC_WEAK = YES;
				CLANG_WARN_BLOCK_CAPTURE_AUTORELEASING = YES;
				CLANG_WARN_BOOL_CONVERSION = YES;
				CLANG_WARN_COMMA = YES;
				CLANG_WARN_CONSTANT_CONVERSION = YES;
				CLANG_WARN_DEPRECATED_OBJC_IMPLEMENTATIONS = YES;
				CLANG_WARN_DIRECT_OBJC_ISA_USAGE = YES_ERROR;
				CLANG_WARN_DOCUMENTATION_COMMENTS = YES;
				CLANG_WARN_EMPTY_BODY = YES;
				CLANG_WARN_ENUM_CONVERSION = YES;
				CLANG_WARN_INFINITE_RECURSION = YES;
				CLANG_WARN_INT_CONVERSION = YES;
				CLANG_WARN_NON_LITERAL_NULL_CONVERSION = YES;
				CLANG_WARN_OBJC_IMPLICIT_RETAIN_SELF = YES;
				CLANG_WARN_OBJC_LITERAL_CONVERSION = YES;
				CLANG_WARN_OBJC_ROOT_CLASS = YES_ERROR;
				CLANG_WARN_QUOTED_INCLUDE_IN_FRAMEWORK_HEADER = YES;
				CLANG_WARN_RANGE_LOOP_ANALYSIS = YES;
				CLANG_WARN_STRICT_PROTOTYPES = YES;
				CLANG_WARN_SUSPICIOUS_MOVE = YES;
				CLANG_WARN_UNGUARDED_AVAILABILITY = YES_AGGRESSIVE;
				CLANG_WARN_UNREACHABLE_CODE = YES;
				CLANG_WARN__DUPLICATE_METHOD_MATCH = YES;
				COPY_PHASE_STRIP = NO;
				DEBUG_INFORMATION_FORMAT = dwarf;
				ENABLE_STRICT_OBJC_MSGSEND = YES;
				ENABLE_TESTABILITY = YES;
				GCC_C_LANGUAGE_STANDARD = gnu11;
				GCC_DYNAMIC_NO_PIC = NO;
				GCC_NO_COMMON_BLOCKS = YES;
				GCC_OPTIMIZATION_LEVEL = 0;
				GCC_PREPROCESSOR_DEFINITIONS = (
					"DEBUG=1",
					"$(inherited)",
				);
				GCC_WARN_64_TO_32_BIT_CONVERSION = YES;
				GCC_WARN_ABOUT_RETURN_TYPE = YES_ERROR;
				GCC_WARN_UNDECLARED_SELECTOR = YES;
				GCC_WARN_UNINITIALIZED_AUTOS = YES_AGGRESSIVE;
				GCC_WARN_UNUSED_FUNCTION = YES;
				GCC_WARN_UNUSED_VARIABLE = YES;
				IPHONEOS_DEPLOYMENT_TARGET = 15.5;
				MTL_ENABLE_DEBUG_INFO = INCLUDE_SOURCE;
				MTL_FAST_MATH = YES;
				ONLY_ACTIVE_ARCH = YES;
				SDKROOT = iphoneos;
				SWIFT_ACTIVE_COMPILATION_CONDITIONS = DEBUG;
				SWIFT_OPTIMIZATION_LEVEL = "-Onone";
			};
			name = Debug;
		};
		48A785A8288C43350066F5A8 /* Release */ = {
			isa = XCBuildConfiguration;
			buildSettings = {
				ALWAYS_SEARCH_USER_PATHS = NO;
				CLANG_ANALYZER_NONNULL = YES;
				CLANG_ANALYZER_NUMBER_OBJECT_CONVERSION = YES_AGGRESSIVE;
				CLANG_CXX_LANGUAGE_STANDARD = "gnu++17";
				CLANG_ENABLE_MODULES = YES;
				CLANG_ENABLE_OBJC_ARC = YES;
				CLANG_ENABLE_OBJC_WEAK = YES;
				CLANG_WARN_BLOCK_CAPTURE_AUTORELEASING = YES;
				CLANG_WARN_BOOL_CONVERSION = YES;
				CLANG_WARN_COMMA = YES;
				CLANG_WARN_CONSTANT_CONVERSION = YES;
				CLANG_WARN_DEPRECATED_OBJC_IMPLEMENTATIONS = YES;
				CLANG_WARN_DIRECT_OBJC_ISA_USAGE = YES_ERROR;
				CLANG_WARN_DOCUMENTATION_COMMENTS = YES;
				CLANG_WARN_EMPTY_BODY = YES;
				CLANG_WARN_ENUM_CONVERSION = YES;
				CLANG_WARN_INFINITE_RECURSION = YES;
				CLANG_WARN_INT_CONVERSION = YES;
				CLANG_WARN_NON_LITERAL_NULL_CONVERSION = YES;
				CLANG_WARN_OBJC_IMPLICIT_RETAIN_SELF = YES;
				CLANG_WARN_OBJC_LITERAL_CONVERSION = YES;
				CLANG_WARN_OBJC_ROOT_CLASS = YES_ERROR;
				CLANG_WARN_QUOTED_INCLUDE_IN_FRAMEWORK_HEADER = YES;
				CLANG_WARN_RANGE_LOOP_ANALYSIS = YES;
				CLANG_WARN_STRICT_PROTOTYPES = YES;
				CLANG_WARN_SUSPICIOUS_MOVE = YES;
				CLANG_WARN_UNGUARDED_AVAILABILITY = YES_AGGRESSIVE;
				CLANG_WARN_UNREACHABLE_CODE = YES;
				CLANG_WARN__DUPLICATE_METHOD_MATCH = YES;
				COPY_PHASE_STRIP = NO;
				DEBUG_INFORMATION_FORMAT = "dwarf-with-dsym";
				ENABLE_NS_ASSERTIONS = NO;
				ENABLE_STRICT_OBJC_MSGSEND = YES;
				GCC_C_LANGUAGE_STANDARD = gnu11;
				GCC_NO_COMMON_BLOCKS = YES;
				GCC_WARN_64_TO_32_BIT_CONVERSION = YES;
				GCC_WARN_ABOUT_RETURN_TYPE = YES_ERROR;
				GCC_WARN_UNDECLARED_SELECTOR = YES;
				GCC_WARN_UNINITIALIZED_AUTOS = YES_AGGRESSIVE;
				GCC_WARN_UNUSED_FUNCTION = YES;
				GCC_WARN_UNUSED_VARIABLE = YES;
				IPHONEOS_DEPLOYMENT_TARGET = 15.5;
				MTL_ENABLE_DEBUG_INFO = NO;
				MTL_FAST_MATH = YES;
				SDKROOT = iphoneos;
				SWIFT_COMPILATION_MODE = wholemodule;
				SWIFT_OPTIMIZATION_LEVEL = "-O";
				VALIDATE_PRODUCT = YES;
			};
			name = Release;
		};
		48A785AA288C43350066F5A8 /* Debug */ = {
			isa = XCBuildConfiguration;
			buildSettings = {
				ASSETCATALOG_COMPILER_APPICON_NAME = AppIcon;
				ASSETCATALOG_COMPILER_GLOBAL_ACCENT_COLOR_NAME = AccentColor;
				CODE_SIGN_STYLE = Automatic;
				CURRENT_PROJECT_VERSION = 1;
				GENERATE_INFOPLIST_FILE = YES;
				INFOPLIST_FILE = maps/Info.plist;
				INFOPLIST_KEY_UIApplicationSupportsIndirectInputEvents = YES;
				INFOPLIST_KEY_UILaunchStoryboardName = LaunchScreen;
				INFOPLIST_KEY_UIMainStoryboardFile = Main;
				INFOPLIST_KEY_UISupportedInterfaceOrientations_iPad = "UIInterfaceOrientationPortrait UIInterfaceOrientationPortraitUpsideDown UIInterfaceOrientationLandscapeLeft UIInterfaceOrientationLandscapeRight";
				INFOPLIST_KEY_UISupportedInterfaceOrientations_iPhone = "UIInterfaceOrientationPortrait UIInterfaceOrientationLandscapeLeft UIInterfaceOrientationLandscapeRight";
				LD_RUNPATH_SEARCH_PATHS = (
					"$(inherited)",
					"@executable_path/Frameworks",
				);
				MARKETING_VERSION = 1.0;
				PRODUCT_BUNDLE_IDENTIFIER = com.emmanuellarose.maps;
				PRODUCT_NAME = "$(TARGET_NAME)";
				SWIFT_EMIT_LOC_STRINGS = YES;
				SWIFT_VERSION = 5.0;
				TARGETED_DEVICE_FAMILY = "1,2";
			};
			name = Debug;
		};
		48A785AB288C43350066F5A8 /* Release */ = {
			isa = XCBuildConfiguration;
			buildSettings = {
				ASSETCATALOG_COMPILER_APPICON_NAME = AppIcon;
				ASSETCATALOG_COMPILER_GLOBAL_ACCENT_COLOR_NAME = AccentColor;
				CODE_SIGN_STYLE = Automatic;
				CURRENT_PROJECT_VERSION = 1;
				GENERATE_INFOPLIST_FILE = YES;
				INFOPLIST_FILE = maps/Info.plist;
				INFOPLIST_KEY_UIApplicationSupportsIndirectInputEvents = YES;
				INFOPLIST_KEY_UILaunchStoryboardName = LaunchScreen;
				INFOPLIST_KEY_UIMainStoryboardFile = Main;
				INFOPLIST_KEY_UISupportedInterfaceOrientations_iPad = "UIInterfaceOrientationPortrait UIInterfaceOrientationPortraitUpsideDown UIInterfaceOrientationLandscapeLeft UIInterfaceOrientationLandscapeRight";
				INFOPLIST_KEY_UISupportedInterfaceOrientations_iPhone = "UIInterfaceOrientationPortrait UIInterfaceOrientationLandscapeLeft UIInterfaceOrientationLandscapeRight";
				LD_RUNPATH_SEARCH_PATHS = (
					"$(inherited)",
					"@executable_path/Frameworks",
				);
				MARKETING_VERSION = 1.0;
				PRODUCT_BUNDLE_IDENTIFIER = com.emmanuellarose.maps;
				PRODUCT_NAME = "$(TARGET_NAME)";
				SWIFT_EMIT_LOC_STRINGS = YES;
				SWIFT_VERSION = 5.0;
				TARGETED_DEVICE_FAMILY = "1,2";
			};
			name = Release;
		};
		48A785AD288C43350066F5A8 /* Debug */ = {
			isa = XCBuildConfiguration;
			buildSettings = {
				ALWAYS_EMBED_SWIFT_STANDARD_LIBRARIES = YES;
				BUNDLE_LOADER = "$(TEST_HOST)";
				CODE_SIGN_STYLE = Automatic;
				CURRENT_PROJECT_VERSION = 1;
				GENERATE_INFOPLIST_FILE = YES;
				IPHONEOS_DEPLOYMENT_TARGET = 15.5;
				MARKETING_VERSION = 1.0;
				PRODUCT_BUNDLE_IDENTIFIER = com.emmanuellarose.mapsTests;
				PRODUCT_NAME = "$(TARGET_NAME)";
				SWIFT_EMIT_LOC_STRINGS = NO;
				SWIFT_VERSION = 5.0;
				TARGETED_DEVICE_FAMILY = "1,2";
				TEST_HOST = "$(BUILT_PRODUCTS_DIR)/maps.app/maps";
			};
			name = Debug;
		};
		48A785AE288C43350066F5A8 /* Release */ = {
			isa = XCBuildConfiguration;
			buildSettings = {
				ALWAYS_EMBED_SWIFT_STANDARD_LIBRARIES = YES;
				BUNDLE_LOADER = "$(TEST_HOST)";
				CODE_SIGN_STYLE = Automatic;
				CURRENT_PROJECT_VERSION = 1;
				GENERATE_INFOPLIST_FILE = YES;
				IPHONEOS_DEPLOYMENT_TARGET = 15.5;
				MARKETING_VERSION = 1.0;
				PRODUCT_BUNDLE_IDENTIFIER = com.emmanuellarose.mapsTests;
				PRODUCT_NAME = "$(TARGET_NAME)";
				SWIFT_EMIT_LOC_STRINGS = NO;
				SWIFT_VERSION = 5.0;
				TARGETED_DEVICE_FAMILY = "1,2";
				TEST_HOST = "$(BUILT_PRODUCTS_DIR)/maps.app/maps";
			};
			name = Release;
		};
		48A785B0288C43350066F5A8 /* Debug */ = {
			isa = XCBuildConfiguration;
			buildSettings = {
				ALWAYS_EMBED_SWIFT_STANDARD_LIBRARIES = YES;
				CODE_SIGN_STYLE = Automatic;
				CURRENT_PROJECT_VERSION = 1;
				GENERATE_INFOPLIST_FILE = YES;
				MARKETING_VERSION = 1.0;
				PRODUCT_BUNDLE_IDENTIFIER = com.emmanuellarose.mapsUITests;
				PRODUCT_NAME = "$(TARGET_NAME)";
				SWIFT_EMIT_LOC_STRINGS = NO;
				SWIFT_VERSION = 5.0;
				TARGETED_DEVICE_FAMILY = "1,2";
				TEST_TARGET_NAME = maps;
			};
			name = Debug;
		};
		48A785B1288C43350066F5A8 /* Release */ = {
			isa = XCBuildConfiguration;
			buildSettings = {
				ALWAYS_EMBED_SWIFT_STANDARD_LIBRARIES = YES;
				CODE_SIGN_STYLE = Automatic;
				CURRENT_PROJECT_VERSION = 1;
				GENERATE_INFOPLIST_FILE = YES;
				MARKETING_VERSION = 1.0;
				PRODUCT_BUNDLE_IDENTIFIER = com.emmanuellarose.mapsUITests;
				PRODUCT_NAME = "$(TARGET_NAME)";
				SWIFT_EMIT_LOC_STRINGS = NO;
				SWIFT_VERSION = 5.0;
				TARGETED_DEVICE_FAMILY = "1,2";
				TEST_TARGET_NAME = maps;
			};
			name = Release;
		};
/* End XCBuildConfiguration section */

/* Begin XCConfigurationList section */
		48A7857A288C432F0066F5A8 /* Build configuration list for PBXProject "maps" */ = {
			isa = XCConfigurationList;
			buildConfigurations = (
				48A785A7288C43350066F5A8 /* Debug */,
				48A785A8288C43350066F5A8 /* Release */,
			);
			defaultConfigurationIsVisible = 0;
			defaultConfigurationName = Release;
		};
		48A785A9288C43350066F5A8 /* Build configuration list for PBXNativeTarget "maps" */ = {
			isa = XCConfigurationList;
			buildConfigurations = (
				48A785AA288C43350066F5A8 /* Debug */,
				48A785AB288C43350066F5A8 /* Release */,
			);
			defaultConfigurationIsVisible = 0;
			defaultConfigurationName = Release;
		};
		48A785AC288C43350066F5A8 /* Build configuration list for PBXNativeTarget "mapsTests" */ = {
			isa = XCConfigurationList;
			buildConfigurations = (
				48A785AD288C43350066F5A8 /* Debug */,
				48A785AE288C43350066F5A8 /* Release */,
			);
			defaultConfigurationIsVisible = 0;
			defaultConfigurationName = Release;
		};
		48A785AF288C43350066F5A8 /* Build configuration list for PBXNativeTarget "mapsUITests" */ = {
			isa = XCConfigurationList;
			buildConfigurations = (
				48A785B0288C43350066F5A8 /* Debug */,
				48A785B1288C43350066F5A8 /* Release */,
			);
			defaultConfigurationIsVisible = 0;
			defaultConfigurationName = Release;
		};
/* End XCConfigurationList section */
	};
	rootObject = 48A78577288C432F0066F5A8 /* Project object */;
}
